
Microsoft Visual Studio Solution File, Format Version 12.00
# Visual Studio Version 17
VisualStudioVersion = 17.1.32407.343
MinimumVisualStudioVersion = 10.0.40219.1
Project("{FAE04EC0-301F-11D3-BF4B-00C04F79EFBC}") = "ECDI", "ECDI\ECDI.csproj", "{8930CA1C-3D78-49FF-8507-ED8E718895DC}"
EndProject
Global
	GlobalSection(SolutionConfigurationPlatforms) = preSolution
		Debug|Any CPU = Debug|Any CPU
		Release|Any CPU = Release|Any CPU
	EndGlobalSection
	GlobalSection(ProjectConfigurationPlatforms) = postSolution
		{8930CA1C-3D78-49FF-8507-ED8E718895DC}.Debug|Any CPU.ActiveCfg = Debug|Any CPU
		{8930CA1C-3D78-49FF-8507-ED8E718895DC}.Debug|Any CPU.Build.0 = Debug|Any CPU
		{8930CA1C-3D78-49FF-8507-ED8E718895DC}.Release|Any CPU.ActiveCfg = Release|Any CPU
		{8930CA1C-3D78-49FF-8507-ED8E718895DC}.Release|Any CPU.Build.0 = Release|Any CPU
	EndGlobalSection
	GlobalSection(SolutionProperties) = preSolution
		HideSolutionNode = FALSE
	EndGlobalSection
	GlobalSection(ExtensibilityGlobals) = postSolution
		SolutionGuid = {BB563A18-658E-4B71-9C80-D4E6F1CA7835}
	EndGlobalSection
EndGlobal
